{
  "name": "umer",
  "lockfileVersion": 3,
  "requires": true,
  "packages": {
    "": {
      "dependencies": {
        "@preact/signals-react": "^2.3.0",
        "@tabler/icons-react": "^3.26.0",
        "@tsparticles/react": "^3.0.0",
        "@tsparticles/slim": "^3.7.1",
        "clsx": "^2.1.1",
        "framer-motion": "^11.15.0",
        "lucide-react": "^0.468.0",
        "react-router-dom": "^7.0.2",
        "tailwind-merge": "^2.5.5"
      }
    },
    "node_modules/@preact/signals-core": {
      "version": "1.8.0",
      "resolved": "https://registry.npmjs.org/@preact/signals-core/-/signals-core-1.8.0.tgz",
      "integrity": "sha512-OBvUsRZqNmjzCZXWLxkZfhcgT+Fk8DDcT/8vD6a1xhDemodyy87UJRJfASMuSD8FaAIeGgGm85ydXhm7lr4fyA==",
      "funding": {
        "type": "opencollective",
        "url": "https://opencollective.com/preact"
      }
    },
    "node_modules/@preact/signals-react": {
      "version": "2.3.0",
      "resolved": "https://registry.npmjs.org/@preact/signals-react/-/signals-react-2.3.0.tgz",
      "integrity": "sha512-g77rc7gTuPaoS5Lr80wjbN9P0t2U+YqJ6NG2krF5KLWLIoGn4uiByOv4bcZSJ41E4Nj50JLuXvdQEGlpU6cOug==",
      "dependencies": {
        "@preact/signals-core": "^1.7.0",
        "use-sync-external-store": "^1.2.0"
      },
      "funding": {
        "type": "opencollective",
        "url": "https://opencollective.com/preact"
      },
      "peerDependencies": {
        "react": "^16.14.0 || 17.x || 18.x || 19.x"
      }
    },
    "node_modules/@tabler/icons": {
      "version": "3.26.0",
      "resolved": "https://registry.npmjs.org/@tabler/icons/-/icons-3.26.0.tgz",
      "integrity": "sha512-oO3D4ss+DxzxqU1aDy0f1HmToyrO0gcQWIMpzHAfV1quPUx0BZYvNm5xz1DQb4DxNm/+xNvbBGLJy4pzTLYWag==",
      "funding": {
        "type": "github",
        "url": "https://github.com/sponsors/codecalm"
      }
    },
    "node_modules/@tabler/icons-react": {
      "version": "3.26.0",
      "resolved": "https://registry.npmjs.org/@tabler/icons-react/-/icons-react-3.26.0.tgz",
      "integrity": "sha512-t18Zmu1ROktB7M8hWQ6vJw+mNpI/LPk5PPxLuE+kNB+4Zzf38GfETL8VF98inhzcfHohsggdROzMzwSAfjcAxw==",
      "dependencies": {
        "@tabler/icons": "3.26.0"
      },
      "funding": {
        "type": "github",
        "url": "https://github.com/sponsors/codecalm"
      },
      "peerDependencies": {
        "react": ">= 16"
      }
    },
    "node_modules/@tsparticles/basic": {
      "version": "3.7.1",
      "resolved": "https://registry.npmjs.org/@tsparticles/basic/-/basic-3.7.1.tgz",
      "integrity": "sha512-oJMJ3qzYUROYaOEsaFXkVynxT2OTWBXbQ9MNc1bJi/bVc1VOU44VN7X/KmiZjD+w1U+Qalk6BeVvDRwpFshblw==",
      "funding": [
        {
          "type": "github",
          "url": "https://github.com/sponsors/matteobruni"
        },
        {
          "type": "github",
          "url": "https://github.com/sponsors/tsparticles"
        },
        {
          "type": "buymeacoffee",
          "url": "https://www.buymeacoffee.com/matteobruni"
        }
      ],
      "dependencies": {
        "@tsparticles/engine": "3.7.1",
        "@tsparticles/move-base": "3.7.1",
        "@tsparticles/plugin-hex-color": "3.7.1",
        "@tsparticles/plugin-hsl-color": "3.7.1",
        "@tsparticles/plugin-rgb-color": "3.7.1",
        "@tsparticles/shape-circle": "3.7.1",
        "@tsparticles/updater-color": "3.7.1",
        "@tsparticles/updater-opacity": "3.7.1",
        "@tsparticles/updater-out-modes": "3.7.1",
        "@tsparticles/updater-size": "3.7.1"
      }
    },
    "node_modules/@tsparticles/engine": {
      "version": "3.7.1",
      "resolved": "https://registry.npmjs.org/@tsparticles/engine/-/engine-3.7.1.tgz",
      "integrity": "sha512-GYzBgq/oOE9YJdOL1++MoawWmYg4AvVct6CIrJGx84ZRb3U2owYmLsRGabYl0qX1CWWOvUG569043RJmyp/vQA==",
      "funding": [
        {
          "type": "github",
          "url": "https://github.com/sponsors/matteobruni"
        },
        {
          "type": "github",
          "url": "https://github.com/sponsors/tsparticles"
        },
        {
          "type": "buymeacoffee",
          "url": "https://www.buymeacoffee.com/matteobruni"
        }
      ],
      "hasInstallScript": true
    },
    "node_modules/@tsparticles/interaction-external-attract": {
      "version": "3.7.1",
      "resolved": "https://registry.npmjs.org/@tsparticles/interaction-external-attract/-/interaction-external-attract-3.7.1.tgz",
      "integrity": "sha512-cpnMsFJ7ZJNKccpQvskKvSs1ofknByHE6FGqbEb17ij7HqvbECQOCOVKHPFnYipHe14cXor/Cd+nVisRcTASoQ==",
      "dependencies": {
        "@tsparticles/engine": "3.7.1"
      }
    },
    "node_modules/@tsparticles/interaction-external-bounce": {
      "version": "3.7.1",
      "resolved": "https://registry.npmjs.org/@tsparticles/interaction-external-bounce/-/interaction-external-bounce-3.7.1.tgz",
      "integrity": "sha512-npvU9Qt6WDonjezHqi+hWM44ga2Oh5yXdr8eSoJpvuHZrCP7rIdRSz5XseHouO1bMS9DbXk86sx4qwrhB5w58w==",
      "dependencies": {
        "@tsparticles/engine": "3.7.1"
      }
    },
    "node_modules/@tsparticles/interaction-external-bubble": {
      "version": "3.7.1",
      "resolved": "https://registry.npmjs.org/@tsparticles/interaction-external-bubble/-/interaction-external-bubble-3.7.1.tgz",
      "integrity": "sha512-WdbYL46lMfuf2g5kfVB1hhhxRBtEXDvnwz8PJwLKurSThL/27bqsqysyXsMzXtLByXUneGhtJTj4D5I5RYdgjA==",
      "dependencies": {
        "@tsparticles/engine": "3.7.1"
      }
    },
    "node_modules/@tsparticles/interaction-external-connect": {
      "version": "3.7.1",
      "resolved": "https://registry.npmjs.org/@tsparticles/interaction-external-connect/-/interaction-external-connect-3.7.1.tgz",
      "integrity": "sha512-hqx0ANIbjLIz/nxmk0LvqANBiNLLmVybbCA7N+xDHtEORvpKjNlKEvMz6Razocl6vRjoHZ/olSwcxIG84dh/cg==",
      "dependencies": {
        "@tsparticles/engine": "3.7.1"
      }
    },
    "node_modules/@tsparticles/interaction-external-grab": {
      "version": "3.7.1",
      "resolved": "https://registry.npmjs.org/@tsparticles/interaction-external-grab/-/interaction-external-grab-3.7.1.tgz",
      "integrity": "sha512-JMYpFW+7YvkpK5MYlt4Ec3Gwb5ZxS7RLVL8IRUSd5yJOw25husPTYg+FQywxrt5WhKe+tPsCAYo+uGIbTTHi9w==",
      "dependencies": {
        "@tsparticles/engine": "3.7.1"
      }
    },
    "node_modules/@tsparticles/interaction-external-pause": {
      "version": "3.7.1",
      "resolved": "https://registry.npmjs.org/@tsparticles/interaction-external-pause/-/interaction-external-pause-3.7.1.tgz",
      "integrity": "sha512-Kkp+7sCe24hawH0XvS1V6UCCuHfMvpLK7oseqSam9Gt4SyGrFvaqIXxkjXhRhn9MysJyKFPBV4/dtBM1HR9p6A==",
      "dependencies": {
        "@tsparticles/engine": "3.7.1"
      }
    },
    "node_modules/@tsparticles/interaction-external-push": {
      "version": "3.7.1",
      "resolved": "https://registry.npmjs.org/@tsparticles/interaction-external-push/-/interaction-external-push-3.7.1.tgz",
      "integrity": "sha512-4VoaR5jvXgQdB7irtq4uSZYr5c+D6TBTVEnLVpBfJhUs6jhw6mgN5g7yp5izIYkK0AlcO431MHn8dvJacvRLDw==",
      "dependencies": {
        "@tsparticles/engine": "3.7.1"
      }
    },
    "node_modules/@tsparticles/interaction-external-remove": {
      "version": "3.7.1",
      "resolved": "https://registry.npmjs.org/@tsparticles/interaction-external-remove/-/interaction-external-remove-3.7.1.tgz",
      "integrity": "sha512-FRBW7U7zD5MkO6/b7e8iSMk/UTtRLY2XiIVFZNsKri3Re3yPpvZzzd5tl2YlYGQlg1Xc+K8SJYMQQA3PtgQ/Tg==",
      "dependencies": {
        "@tsparticles/engine": "3.7.1"
      }
    },
    "node_modules/@tsparticles/interaction-external-repulse": {
      "version": "3.7.1",
      "resolved": "https://registry.npmjs.org/@tsparticles/interaction-external-repulse/-/interaction-external-repulse-3.7.1.tgz",
      "integrity": "sha512-mwM06dVmg2FEvHMQsPOfRBQWACbjf3qnelODkqI9DSVxQ0B8DESP4BYNXyraFGYv00YiPzRv5Xy/uejHdbsQUA==",
      "dependencies": {
        "@tsparticles/engine": "3.7.1"
      }
    },
    "node_modules/@tsparticles/interaction-external-slow": {
      "version": "3.7.1",
      "resolved": "https://registry.npmjs.org/@tsparticles/interaction-external-slow/-/interaction-external-slow-3.7.1.tgz",
      "integrity": "sha512-CfCAs3kUQC3pLOj0dbzn5AolQyBHgjxORLdfnYBhepvFV1BXB+4ytChRfXBzjykBPI6U+rCnw5Fk/vVjAroSFA==",
      "dependencies": {
        "@tsparticles/engine": "3.7.1"
      }
    },
    "node_modules/@tsparticles/interaction-particles-attract": {
      "version": "3.7.1",
      "resolved": "https://registry.npmjs.org/@tsparticles/interaction-particles-attract/-/interaction-particles-attract-3.7.1.tgz",
      "integrity": "sha512-UABbBORKaiItAT8vR0t4ye2H3VE6/Ah4zcylBlnq0Jd5yDkyP4rnkwhicaY6y4Zlfwyx+0PWdAC4f/ziFAyObg==",
      "dependencies": {
        "@tsparticles/engine": "3.7.1"
      }
    },
    "node_modules/@tsparticles/interaction-particles-collisions": {
      "version": "3.7.1",
      "resolved": "https://registry.npmjs.org/@tsparticles/interaction-particles-collisions/-/interaction-particles-collisions-3.7.1.tgz",
      "integrity": "sha512-0GY9++Gn2KXViyeifXWkH7a2UO5+uRwyS1rDeTN8eleyiq2j9zQf4xztZEIft8T0hTetq2rkWxQ92j2kev6NVA==",
      "dependencies": {
        "@tsparticles/engine": "3.7.1"
      }
    },
    "node_modules/@tsparticles/interaction-particles-links": {
      "version": "3.7.1",
      "resolved": "https://registry.npmjs.org/@tsparticles/interaction-particles-links/-/interaction-particles-links-3.7.1.tgz",
      "integrity": "sha512-BxCXAAOBNmEvlyOQzwprryW8YdtMIop2v4kgSCff5MCtDwYWoQIfzaQlWbBAkD9ey6BoF8iMjhBUaY1MnDecTA==",
      "dependencies": {
        "@tsparticles/engine": "3.7.1"
      }
    },
    "node_modules/@tsparticles/move-base": {
      "version": "3.7.1",
      "resolved": "https://registry.npmjs.org/@tsparticles/move-base/-/move-base-3.7.1.tgz",
      "integrity": "sha512-LPtMHwJHhzwfRIcSAk814fY9NcRiICwaEbapaJSYyP1DwscSXqOWoyAEWwzV9hMgAcPdsED6nGeg8RCXGm58lw==",
      "dependencies": {
        "@tsparticles/engine": "3.7.1"
      }
    },
    "node_modules/@tsparticles/move-parallax": {
      "version": "3.7.1",
      "resolved": "https://registry.npmjs.org/@tsparticles/move-parallax/-/move-parallax-3.7.1.tgz",
      "integrity": "sha512-B40azo6EJyMdI+kmIxpqWDaObPwODTYLDCikzkZ73n5tS6OhFUlkz81Scfo+g1iGTdryKFygUKhVGcG1EFuA5g==",
      "dependencies": {
        "@tsparticles/engine": "3.7.1"
      }
    },
    "node_modules/@tsparticles/plugin-easing-quad": {
      "version": "3.7.1",
      "resolved": "https://registry.npmjs.org/@tsparticles/plugin-easing-quad/-/plugin-easing-quad-3.7.1.tgz",
      "integrity": "sha512-nSwKCRe6C/noCi3dyZlm1GiQGask0aXdWDuS36b82iwzwQ01cBTXeXR25mLr4fsfMLFfYAZXyBxEMMpw3rkSiw==",
      "funding": [
        {
          "type": "github",
          "url": "https://github.com/sponsors/matteobruni"
        },
        {
          "type": "github",
          "url": "https://github.com/sponsors/tsparticles"
        },
        {
          "type": "buymeacoffee",
          "url": "https://www.buymeacoffee.com/matteobruni"
        }
      ],
      "dependencies": {
        "@tsparticles/engine": "3.7.1"
      }
    },
    "node_modules/@tsparticles/plugin-hex-color": {
      "version": "3.7.1",
      "resolved": "https://registry.npmjs.org/@tsparticles/plugin-hex-color/-/plugin-hex-color-3.7.1.tgz",
      "integrity": "sha512-7xu3MV8EdNNejjYyEmrq5fCDdYAcqz/9VatLpnwtwR5Q5t2qI0tD4CrcGaFfC/rTAVJacfiJe02UV/hlj03KKA==",
      "funding": [
        {
          "type": "github",
          "url": "https://github.com/sponsors/matteobruni"
        },
        {
          "type": "github",
          "url": "https://github.com/sponsors/tsparticles"
        },
        {
          "type": "buymeacoffee",
          "url": "https://www.buymeacoffee.com/matteobruni"
        }
      ],
      "dependencies": {
        "@tsparticles/engine": "3.7.1"
      }
    },
    "node_modules/@tsparticles/plugin-hsl-color": {
      "version": "3.7.1",
      "resolved": "https://registry.npmjs.org/@tsparticles/plugin-hsl-color/-/plugin-hsl-color-3.7.1.tgz",
      "integrity": "sha512-zzAI1CuoCMBJhgeYZ5Rq42nGbPg35ZzIs11eQegjsWG5Msm5QKSj60qPzERnoUcCc4HCKtIWP7rYMz6h3xpoEg==",
      "funding": [
        {
          "type": "github",
          "url": "https://github.com/sponsors/matteobruni"
        },
        {
          "type": "github",
          "url": "https://github.com/sponsors/tsparticles"
        },
        {
          "type": "buymeacoffee",
          "url": "https://www.buymeacoffee.com/matteobruni"
        }
      ],
      "dependencies": {
        "@tsparticles/engine": "3.7.1"
      }
    },
    "node_modules/@tsparticles/plugin-rgb-color": {
      "version": "3.7.1",
      "resolved": "https://registry.npmjs.org/@tsparticles/plugin-rgb-color/-/plugin-rgb-color-3.7.1.tgz",
      "integrity": "sha512-taEraTpCYR6jpjflqBL95tN0zFU8JrAChXTt8mxVn7gddxoNMHI/LGymEPRCweLukwV6GQyAGOkeGEdWDPtYTA==",
      "funding": [
        {
          "type": "github",
          "url": "https://github.com/sponsors/matteobruni"
        },
        {
          "type": "github",
          "url": "https://github.com/sponsors/tsparticles"
        },
        {
          "type": "buymeacoffee",
          "url": "https://www.buymeacoffee.com/matteobruni"
        }
      ],
      "dependencies": {
        "@tsparticles/engine": "3.7.1"
      }
    },
    "node_modules/@tsparticles/react": {
      "version": "3.0.0",
      "resolved": "https://registry.npmjs.org/@tsparticles/react/-/react-3.0.0.tgz",
      "integrity": "sha512-hjGEtTT1cwv6BcjL+GcVgH++KYs52bIuQGW3PWv7z3tMa8g0bd6RI/vWSLj7p//NZ3uTjEIeilYIUPBh7Jfq/Q==",
      "peerDependencies": {
        "@tsparticles/engine": "^3.0.2",
        "react": ">=16.8.0",
        "react-dom": ">=16.8.0"
      }
    },
    "node_modules/@tsparticles/shape-circle": {
      "version": "3.7.1",
      "resolved": "https://registry.npmjs.org/@tsparticles/shape-circle/-/shape-circle-3.7.1.tgz",
      "integrity": "sha512-kmOWaUuFwuTtcCFYjuyJbdA5qDqWdGsharLalYnIczkLu2c1I8jJo/OmGePKhWn62ocu7mqKMomfElkIcw2AsA==",
      "dependencies": {
        "@tsparticles/engine": "3.7.1"
      }
    },
    "node_modules/@tsparticles/shape-emoji": {
      "version": "3.7.1",
      "resolved": "https://registry.npmjs.org/@tsparticles/shape-emoji/-/shape-emoji-3.7.1.tgz",
      "integrity": "sha512-mX18c/xhYVljS/r5Xbowzclw+1YwhtWoQFOOfkmjjZppA+RjgcwSKLvH6E20PaH1yVTjBOfSF+3POKpwsULzTg==",
      "dependencies": {
        "@tsparticles/engine": "3.7.1"
      }
    },
    "node_modules/@tsparticles/shape-image": {
      "version": "3.7.1",
      "resolved": "https://registry.npmjs.org/@tsparticles/shape-image/-/shape-image-3.7.1.tgz",
      "integrity": "sha512-eDzfkQhqLY6fb9QH2Vo9TGfdJBFFpYnojhxQxc7IdzIwOFMD3JK4B52RVl9oowR+rNE8dNp6P2L+eMAF4yld0g==",
      "dependencies": {
        "@tsparticles/engine": "3.7.1"
      }
    },
    "node_modules/@tsparticles/shape-line": {
      "version": "3.7.1",
      "resolved": "https://registry.npmjs.org/@tsparticles/shape-line/-/shape-line-3.7.1.tgz",
      "integrity": "sha512-lMPYApUpg7avxmYPfHHr4dQepZSNn/g0Q1/g2+lnTi8ZtUBiCZ2WMVy9R3GOzyozbnzigLQ6AJRnOpsUZV7H4g==",
      "dependencies": {
        "@tsparticles/engine": "3.7.1"
      }
    },
    "node_modules/@tsparticles/shape-polygon": {
      "version": "3.7.1",
      "resolved": "https://registry.npmjs.org/@tsparticles/shape-polygon/-/shape-polygon-3.7.1.tgz",
      "integrity": "sha512-5FrRfpYC3qnvV2nXBLE4Q0v+SMNWJO8xgzh6MBFwfptvqH4EOrqc/58eS5x0jlf+evwf9LjPgeGkOTcwaHHcYQ==",
      "dependencies": {
        "@tsparticles/engine": "3.7.1"
      }
    },
    "node_modules/@tsparticles/shape-square": {
      "version": "3.7.1",
      "resolved": "https://registry.npmjs.org/@tsparticles/shape-square/-/shape-square-3.7.1.tgz",
      "integrity": "sha512-7VCqbRwinjBZ+Ryme27rOtl+jKrET8qDthqZLrAoj3WONBqyt+R9q6SXAJ9WodqEX68IBvcluqbFY5qDZm8iAQ==",
      "dependencies": {
        "@tsparticles/engine": "3.7.1"
      }
    },
    "node_modules/@tsparticles/shape-star": {
      "version": "3.7.1",
      "resolved": "https://registry.npmjs.org/@tsparticles/shape-star/-/shape-star-3.7.1.tgz",
      "integrity": "sha512-3G4oipioyWKLEQYT11Sx3k6AObu3dbv/A5LRqGGTQm5IR6UACa+INwykZYI0a+MdJJMb83E0e4Fn3hlZbi0/8w==",
      "dependencies": {
        "@tsparticles/engine": "3.7.1"
      }
    },
    "node_modules/@tsparticles/slim": {
      "version": "3.7.1",
      "resolved": "https://registry.npmjs.org/@tsparticles/slim/-/slim-3.7.1.tgz",
      "integrity": "sha512-OtJEhud2KleX7OxiG2r/VYriHNIwTpFm3sPFy4EOJzAD0EW7KZoKXGpGn5gwGI1NWeB0jso92yNTrTC2ZTW0qw==",
      "funding": [
        {
          "type": "github",
          "url": "https://github.com/sponsors/matteobruni"
        },
        {
          "type": "github",
          "url": "https://github.com/sponsors/tsparticles"
        },
        {
          "type": "buymeacoffee",
          "url": "https://www.buymeacoffee.com/matteobruni"
        }
      ],
      "dependencies": {
        "@tsparticles/basic": "3.7.1",
        "@tsparticles/engine": "3.7.1",
        "@tsparticles/interaction-external-attract": "3.7.1",
        "@tsparticles/interaction-external-bounce": "3.7.1",
        "@tsparticles/interaction-external-bubble": "3.7.1",
        "@tsparticles/interaction-external-connect": "3.7.1",
        "@tsparticles/interaction-external-grab": "3.7.1",
        "@tsparticles/interaction-external-pause": "3.7.1",
        "@tsparticles/interaction-external-push": "3.7.1",
        "@tsparticles/interaction-external-remove": "3.7.1",
        "@tsparticles/interaction-external-repulse": "3.7.1",
        "@tsparticles/interaction-external-slow": "3.7.1",
        "@tsparticles/interaction-particles-attract": "3.7.1",
        "@tsparticles/interaction-particles-collisions": "3.7.1",
        "@tsparticles/interaction-particles-links": "3.7.1",
        "@tsparticles/move-parallax": "3.7.1",
        "@tsparticles/plugin-easing-quad": "3.7.1",
        "@tsparticles/shape-emoji": "3.7.1",
        "@tsparticles/shape-image": "3.7.1",
        "@tsparticles/shape-line": "3.7.1",
        "@tsparticles/shape-polygon": "3.7.1",
        "@tsparticles/shape-square": "3.7.1",
        "@tsparticles/shape-star": "3.7.1",
        "@tsparticles/updater-life": "3.7.1",
        "@tsparticles/updater-rotate": "3.7.1",
        "@tsparticles/updater-stroke-color": "3.7.1"
      }
    },
    "node_modules/@tsparticles/updater-color": {
      "version": "3.7.1",
      "resolved": "https://registry.npmjs.org/@tsparticles/updater-color/-/updater-color-3.7.1.tgz",
      "integrity": "sha512-QimV3yn17dcdJx7PpTwLtw9BhkQ0q8qFF035OdcZpnynBPAO/hg0zvSMpMGoeuDVFH02wWBy4h2/BYCv6wh6Sw==",
      "dependencies": {
        "@tsparticles/engine": "3.7.1"
      }
    },
    "node_modules/@tsparticles/updater-life": {
      "version": "3.7.1",
      "resolved": "https://registry.npmjs.org/@tsparticles/updater-life/-/updater-life-3.7.1.tgz",
      "integrity": "sha512-NY5gUrgO5AsARNC0usP9PKahXf7JCxbP/H1vzTfA0SJw4veANfWTldOvhIlcm2CHVP5P1b827p0hWsBHECwz7A==",
      "dependencies": {
        "@tsparticles/engine": "3.7.1"
      }
    },
    "node_modules/@tsparticles/updater-opacity": {
      "version": "3.7.1",
      "resolved": "https://registry.npmjs.org/@tsparticles/updater-opacity/-/updater-opacity-3.7.1.tgz",
      "integrity": "sha512-YcyviCooTv7SAKw7sxd84CfJqZ7dYPSdYZzCpedV6TKIObRiwLqXlyLXQGJ3YltghKQSCSolmVy8woWBCDm1qA==",
      "dependencies": {
        "@tsparticles/engine": "3.7.1"
      }
    },
    "node_modules/@tsparticles/updater-out-modes": {
      "version": "3.7.1",
      "resolved": "https://registry.npmjs.org/@tsparticles/updater-out-modes/-/updater-out-modes-3.7.1.tgz",
      "integrity": "sha512-Cb5sWquRtUYLSiFpmBjjYKRdpNV52diCo9+qMtK1oVlldDBhUwqO+1TQjdlaA2yl5DURlY9ZfOHXvY+IT7CHCw==",
      "dependencies": {
        "@tsparticles/engine": "3.7.1"
      }
    },
    "node_modules/@tsparticles/updater-rotate": {
      "version": "3.7.1",
      "resolved": "https://registry.npmjs.org/@tsparticles/updater-rotate/-/updater-rotate-3.7.1.tgz",
      "integrity": "sha512-toVHwl+h6SvtA8dyxSA2kMH2QdDA71vehuAa+HoRqf1y06h5kxyYiMKZFHCqDJ6lFfRPs47MjrC9dD2bDz14MQ==",
      "dependencies": {
        "@tsparticles/engine": "3.7.1"
      }
    },
    "node_modules/@tsparticles/updater-size": {
      "version": "3.7.1",
      "resolved": "https://registry.npmjs.org/@tsparticles/updater-size/-/updater-size-3.7.1.tgz",
      "integrity": "sha512-+Y0H0PnDJVIsJ+zHTyubYu1jtRFmVnY1dAv3VCjScIDw6bcpL/ol+HrtHTGIX0WbMyUfjCyALfAoaXi/Wm8VcQ==",
      "dependencies": {
        "@tsparticles/engine": "3.7.1"
      }
    },
    "node_modules/@tsparticles/updater-stroke-color": {
      "version": "3.7.1",
      "resolved": "https://registry.npmjs.org/@tsparticles/updater-stroke-color/-/updater-stroke-color-3.7.1.tgz",
      "integrity": "sha512-VHhQkCNuxjx/Hy7A+g0Yijb24T0+wQ3jNsF/yfrR9dEdZWSBiimZLvV1bilPdAeEtieAJTAZo2VNhcD1snF0iQ==",
      "dependencies": {
        "@tsparticles/engine": "3.7.1"
      }
    },
    "node_modules/@types/cookie": {
      "version": "0.6.0",
      "resolved": "https://registry.npmjs.org/@types/cookie/-/cookie-0.6.0.tgz",
      "integrity": "sha512-4Kh9a6B2bQciAhf7FSuMRRkUWecJgJu9nPnx3yzpsfXX/c50REIqpHY4C82bXP90qrLtXtkDxTZosYO3UpOwlA=="
    },
    "node_modules/clsx": {
      "version": "2.1.1",
      "resolved": "https://registry.npmjs.org/clsx/-/clsx-2.1.1.tgz",
      "integrity": "sha512-eYm0QWBtUrBWZWG0d386OGAw16Z995PiOVo2B7bjWSbHedGl5e0ZWaq65kOGgUSNesEIDkB9ISbTg/JK9dhCZA==",
      "engines": {
        "node": ">=6"
      }
    },
    "node_modules/cookie": {
      "version": "1.0.2",
      "resolved": "https://registry.npmjs.org/cookie/-/cookie-1.0.2.tgz",
      "integrity": "sha512-9Kr/j4O16ISv8zBBhJoi4bXOYNTkFLOqSL3UDB0njXxCXNezjeyVrJyGOWtgfs/q2km1gwBcfH8q1yEGoMYunA==",
      "engines": {
        "node": ">=18"
      }
    },
    "node_modules/framer-motion": {
      "version": "11.15.0",
      "resolved": "https://registry.npmjs.org/framer-motion/-/framer-motion-11.15.0.tgz",
      "integrity": "sha512-MLk8IvZntxOMg7lDBLw2qgTHHv664bYoYmnFTmE0Gm/FW67aOJk0WM3ctMcG+Xhcv+vh5uyyXwxvxhSeJzSe+w==",
      "dependencies": {
        "motion-dom": "^11.14.3",
        "motion-utils": "^11.14.3",
        "tslib": "^2.4.0"
      },
      "peerDependencies": {
        "@emotion/is-prop-valid": "*",
        "react": "^18.0.0 || ^19.0.0",
        "react-dom": "^18.0.0 || ^19.0.0"
      },
      "peerDependenciesMeta": {
        "@emotion/is-prop-valid": {
          "optional": true
        },
        "react": {
          "optional": true
        },
        "react-dom": {
          "optional": true
        }
      }
    },
    "node_modules/lucide-react": {
      "version": "0.468.0",
      "resolved": "https://registry.npmjs.org/lucide-react/-/lucide-react-0.468.0.tgz",
      "integrity": "sha512-6koYRhnM2N0GGZIdXzSeiNwguv1gt/FAjZOiPl76roBi3xKEXa4WmfpxgQwTTL4KipXjefrnf3oV4IsYhi4JFA==",
      "peerDependencies": {
        "react": "^16.5.1 || ^17.0.0 || ^18.0.0 || ^19.0.0-rc"
      }
    },
    "node_modules/motion-dom": {
      "version": "11.14.3",
      "resolved": "https://registry.npmjs.org/motion-dom/-/motion-dom-11.14.3.tgz",
      "integrity": "sha512-lW+D2wBy5vxLJi6aCP0xyxTxlTfiu+b+zcpVbGVFUxotwThqhdpPRSmX8xztAgtZMPMeU0WGVn/k1w4I+TbPqA=="
    },
    "node_modules/motion-utils": {
      "version": "11.14.3",
      "resolved": "https://registry.npmjs.org/motion-utils/-/motion-utils-11.14.3.tgz",
      "integrity": "sha512-Xg+8xnqIJTpr0L/cidfTTBFkvRw26ZtGGuIhA94J9PQ2p4mEa06Xx7QVYZH0BP+EpMSaDlu+q0I0mmvwADPsaQ=="
    },
    "node_modules/react": {
      "version": "19.0.0",
      "resolved": "https://registry.npmjs.org/react/-/react-19.0.0.tgz",
      "integrity": "sha512-V8AVnmPIICiWpGfm6GLzCR/W5FXLchHop40W4nXBmdlEceh16rCN8O8LNWm5bh5XUX91fh7KpA+W0TgMKmgTpQ==",
      "peer": true,
      "engines": {
        "node": ">=0.10.0"
      }
    },
    "node_modules/react-dom": {
      "version": "19.0.0",
      "resolved": "https://registry.npmjs.org/react-dom/-/react-dom-19.0.0.tgz",
      "integrity": "sha512-4GV5sHFG0e/0AD4X+ySy6UJd3jVl1iNsNHdpad0qhABJ11twS3TTBnseqsKurKcsNqCEFeGL3uLpVChpIO3QfQ==",
      "peer": true,
      "dependencies": {
        "scheduler": "^0.25.0"
      },
      "peerDependencies": {
        "react": "^19.0.0"
      }
    },
    "node_modules/react-router": {
      "version": "7.0.2",
      "resolved": "https://registry.npmjs.org/react-router/-/react-router-7.0.2.tgz",
      "integrity": "sha512-m5AcPfTRUcjwmhBzOJGEl6Y7+Crqyju0+TgTQxoS4SO+BkWbhOrcfZNq6wSWdl2BBbJbsAoBUb8ZacOFT+/JlA==",
      "dependencies": {
        "@types/cookie": "^0.6.0",
        "cookie": "^1.0.1",
        "set-cookie-parser": "^2.6.0",
        "turbo-stream": "2.4.0"
      },
      "engines": {
        "node": ">=20.0.0"
      },
      "peerDependencies": {
        "react": ">=18",
        "react-dom": ">=18"
      },
      "peerDependenciesMeta": {
        "react-dom": {
          "optional": true
        }
      }
    },
    "node_modules/react-router-dom": {
      "version": "7.0.2",
      "resolved": "https://registry.npmjs.org/react-router-dom/-/react-router-dom-7.0.2.tgz",
      "integrity": "sha512-VJOQ+CDWFDGaWdrG12Nl+d7yHtLaurNgAQZVgaIy7/Xd+DojgmYLosFfZdGz1wpxmjJIAkAMVTKWcvkx1oggAw==",
      "dependencies": {
        "react-router": "7.0.2"
      },
      "engines": {
        "node": ">=20.0.0"
      },
      "peerDependencies": {
        "react": ">=18",
        "react-dom": ">=18"
      }
    },
    "node_modules/scheduler": {
      "version": "0.25.0",
      "resolved": "https://registry.npmjs.org/scheduler/-/scheduler-0.25.0.tgz",
      "integrity": "sha512-xFVuu11jh+xcO7JOAGJNOXld8/TcEHK/4CituBUeUb5hqxJLj9YuemAEuvm9gQ/+pgXYfbQuqAkiYu+u7YEsNA==",
      "peer": true
    },
    "node_modules/set-cookie-parser": {
      "version": "2.7.1",
      "resolved": "https://registry.npmjs.org/set-cookie-parser/-/set-cookie-parser-2.7.1.tgz",
      "integrity": "sha512-IOc8uWeOZgnb3ptbCURJWNjWUPcO3ZnTTdzsurqERrP6nPyv+paC55vJM0LpOlT2ne+Ix+9+CRG1MNLlyZ4GjQ=="
    },
    "node_modules/tailwind-merge": {
      "version": "2.5.5",
      "resolved": "https://registry.npmjs.org/tailwind-merge/-/tailwind-merge-2.5.5.tgz",
      "integrity": "sha512-0LXunzzAZzo0tEPxV3I297ffKZPlKDrjj7NXphC8V5ak9yHC5zRmxnOe2m/Rd/7ivsOMJe3JZ2JVocoDdQTRBA==",
      "funding": {
        "type": "github",
        "url": "https://github.com/sponsors/dcastil"
      }
    },
    "node_modules/tslib": {
      "version": "2.8.1",
      "resolved": "https://registry.npmjs.org/tslib/-/tslib-2.8.1.tgz",
      "integrity": "sha512-oJFu94HQb+KVduSUQL7wnpmqnfmLsOA/nAh6b6EH0wCEoK0/mPeXU6c3wKDV83MkOuHPRHtSXKKU99IBazS/2w=="
    },
    "node_modules/turbo-stream": {
      "version": "2.4.0",
      "resolved": "https://registry.npmjs.org/turbo-stream/-/turbo-stream-2.4.0.tgz",
      "integrity": "sha512-FHncC10WpBd2eOmGwpmQsWLDoK4cqsA/UT/GqNoaKOQnT8uzhtCbg3EoUDMvqpOSAI0S26mr0rkjzbOO6S3v1g=="
    },
    "node_modules/use-sync-external-store": {
      "version": "1.4.0",
      "resolved": "https://registry.npmjs.org/use-sync-external-store/-/use-sync-external-store-1.4.0.tgz",
      "integrity": "sha512-9WXSPC5fMv61vaupRkCKCxsPxBocVnwakBEkMIHHpkTTg6icbJtg6jzgtLDm4bl3cSHAca52rYWih0k4K3PfHw==",
      "peerDependencies": {
        "react": "^16.8.0 || ^17.0.0 || ^18.0.0 || ^19.0.0"
      }
    }
  }
}
